
Microsoft Visual Studio Solution File, Format Version 12.00
# Visual Studio Version 17
VisualStudioVersion = 17.0.32126.317
MinimumVisualStudioVersion = 10.0.40219.1
Project("{9A19103F-16F7-4668-BE54-9A1E7A4F7556}") = "Bot", "Bot\Bot.csproj", "{0C0BD1D1-1CD5-4893-B0C2-19AE61AE9057}"
EndProject
Project("{2150E333-8FDC-42A3-9474-1A3956D46DE8}") = "Solution Items", "Solution Items", "{404FB7A8-9DB9-4BF1-8910-A88A6C78D649}"
	ProjectSection(SolutionItems) = preProject
		.editorconfig = .editorconfig
	EndProjectSection
EndProject
Global
	GlobalSection(SolutionConfigurationPlatforms) = preSolution
		Debug|Any CPU = Debug|Any CPU
		Release|Any CPU = Release|Any CPU
	EndGlobalSection
	GlobalSection(ProjectConfigurationPlatforms) = postSolution
		{0C0BD1D1-1CD5-4893-B0C2-19AE61AE9057}.Debug|Any CPU.ActiveCfg = Debug|Any CPU
		{0C0BD1D1-1CD5-4893-B0C2-19AE61AE9057}.Debug|Any CPU.Build.0 = Debug|Any CPU
		{0C0BD1D1-1CD5-4893-B0C2-19AE61AE9057}.Release|Any CPU.ActiveCfg = Release|Any CPU
		{0C0BD1D1-1CD5-4893-B0C2-19AE61AE9057}.Release|Any CPU.Build.0 = Release|Any CPU
	EndGlobalSection
	GlobalSection(SolutionProperties) = preSolution
		HideSolutionNode = FALSE
	EndGlobalSection
	GlobalSection(ExtensibilityGlobals) = postSolution
		SolutionGuid = {6AF716CF-D4CC-4C63-8957-FD34238F446B}
	EndGlobalSection
EndGlobal
